// !$*UTF8*$!
{
	archiveVersion = 1;
	classes = {
	};
	objectVersion = 50;
	objects = {

/* Begin PBXBuildFile section */
		8E6B601826ECFC1A00DFF30B /* BottomSheetApp.swift in Sources */ = {isa = PBXBuildFile; fileRef = 8E6B600526ECFC1900DFF30B /* BottomSheetApp.swift */; };
		8E6B601926ECFC1A00DFF30B /* BottomSheetApp.swift in Sources */ = {isa = PBXBuildFile; fileRef = 8E6B600526ECFC1900DFF30B /* BottomSheetApp.swift */; };
		8E6B601A26ECFC1A00DFF30B /* ContentView.swift in Sources */ = {isa = PBXBuildFile; fileRef = 8E6B600626ECFC1900DFF30B /* ContentView.swift */; };
		8E6B601B26ECFC1A00DFF30B /* ContentView.swift in Sources */ = {isa = PBXBuildFile; fileRef = 8E6B600626ECFC1900DFF30B /* ContentView.swift */; };
		8E6B601C26ECFC1A00DFF30B /* Assets.xcassets in Resources */ = {isa = PBXBuildFile; fileRef = 8E6B600726ECFC1A00DFF30B /* Assets.xcassets */; };
		8E6B601D26ECFC1A00DFF30B /* Assets.xcassets in Resources */ = {isa = PBXBuildFile; fileRef = 8E6B600726ECFC1A00DFF30B /* Assets.xcassets */; };
		8E6B602726ECFC9E00DFF30B /* BottomSheetView.swift in Sources */ = {isa = PBXBuildFile; fileRef = 8E6B602626ECFC9E00DFF30B /* BottomSheetView.swift */; };
		8E6B602826ECFC9E00DFF30B /* BottomSheetView.swift in Sources */ = {isa = PBXBuildFile; fileRef = 8E6B602626ECFC9E00DFF30B /* BottomSheetView.swift */; };
		8E6B602A26ECFF1200DFF30B /* RealBottomSheetView.swift in Sources */ = {isa = PBXBuildFile; fileRef = 8E6B602926ECFF1200DFF30B /* RealBottomSheetView.swift */; };
		8E6B602B26ECFF1200DFF30B /* RealBottomSheetView.swift in Sources */ = {isa = PBXBuildFile; fileRef = 8E6B602926ECFF1200DFF30B /* RealBottomSheetView.swift */; };
		8E6B602D26ED006600DFF30B /* ContentBottomSheetView.swift in Sources */ = {isa = PBXBuildFile; fileRef = 8E6B602C26ED006600DFF30B /* ContentBottomSheetView.swift */; };
		8E6B602E26ED006600DFF30B /* ContentBottomSheetView.swift in Sources */ = {isa = PBXBuildFile; fileRef = 8E6B602C26ED006600DFF30B /* ContentBottomSheetView.swift */; };
/* End PBXBuildFile section */

/* Begin PBXFileReference section */
		8E6B600526ECFC1900DFF30B /* BottomSheetApp.swift */ = {isa = PBXFileReference; lastKnownFileType = sourcecode.swift; path = BottomSheetApp.swift; sourceTree = "<group>"; };
		8E6B600626ECFC1900DFF30B /* ContentView.swift */ = {isa = PBXFileReference; lastKnownFileType = sourcecode.swift; path = ContentView.swift; sourceTree = "<group>"; };
		8E6B600726ECFC1A00DFF30B /* Assets.xcassets */ = {isa = PBXFileReference; lastKnownFileType = folder.assetcatalog; path = Assets.xcassets; sourceTree = "<group>"; };
		8E6B600C26ECFC1A00DFF30B /* BottomSheet.app */ = {isa = PBXFileReference; explicitFileType = wrapper.application; includeInIndex = 0; path = BottomSheet.app; sourceTree = BUILT_PRODUCTS_DIR; };
		8E6B600F26ECFC1A00DFF30B /* Info.plist */ = {isa = PBXFileReference; lastKnownFileType = text.plist.xml; path = Info.plist; sourceTree = "<group>"; };
		8E6B601426ECFC1A00DFF30B /* BottomSheet.app */ = {isa = PBXFileReference; explicitFileType = wrapper.application; includeInIndex = 0; path = BottomSheet.app; sourceTree = BUILT_PRODUCTS_DIR; };
		8E6B601626ECFC1A00DFF30B /* Info.plist */ = {isa = PBXFileReference; lastKnownFileType = text.plist.xml; path = Info.plist; sourceTree = "<group>"; };
		8E6B601726ECFC1A00DFF30B /* macOS.entitlements */ = {isa = PBXFileReference; lastKnownFileType = text.plist.entitlements; path = macOS.entitlements; sourceTree = "<group>"; };
		8E6B602626ECFC9E00DFF30B /* BottomSheetView.swift */ = {isa = PBXFileReference; lastKnownFileType = sourcecode.swift; path = BottomSheetView.swift; sourceTree = "<group>"; };
		8E6B602926ECFF1200DFF30B /* RealBottomSheetView.swift */ = {isa = PBXFileReference; lastKnownFileType = sourcecode.swift; path = RealBottomSheetView.swift; sourceTree = "<group>"; };
		8E6B602C26ED006600DFF30B /* ContentBottomSheetView.swift */ = {isa = PBXFileReference; lastKnownFileType = sourcecode.swift; path = ContentBottomSheetView.swift; sourceTree = "<group>"; };
/* End PBXFileReference section */

/* Begin PBXFrameworksBuildPhase section */
		8E6B600926ECFC1A00DFF30B /* Frameworks */ = {
			isa = PBXFrameworksBuildPhase;
			buildActionMask = 2147483647;
			files = (
			);
			runOnlyForDeploymentPostprocessing = 0;
		};
		8E6B601126ECFC1A00DFF30B /* Frameworks */ = {
			isa = PBXFrameworksBuildPhase;
			buildActionMask = 2147483647;
			files = (
			);
			runOnlyForDeploymentPostprocessing = 0;
		};
/* End PBXFrameworksBuildPhase section */

/* Begin PBXGroup section */
		8E6B5FFF26ECFC1800DFF30B = {
			isa = PBXGroup;
			children = (
				8E6B600426ECFC1900DFF30B /* Shared */,
				8E6B600E26ECFC1A00DFF30B /* iOS */,
				8E6B601526ECFC1A00DFF30B /* macOS */,
				8E6B600D26ECFC1A00DFF30B /* Products */,
			);
			sourceTree = "<group>";
		};
		8E6B600426ECFC1900DFF30B /* Shared */ = {
			isa = PBXGroup;
			children = (
				8E6B600526ECFC1900DFF30B /* BottomSheetApp.swift */,
				8E6B600626ECFC1900DFF30B /* ContentView.swift */,
				8E6B602C26ED006600DFF30B /* ContentBottomSheetView.swift */,
				8E6B602626ECFC9E00DFF30B /* BottomSheetView.swift */,
				8E6B602926ECFF1200DFF30B /* RealBottomSheetView.swift */,
				8E6B600726ECFC1A00DFF30B /* Assets.xcassets */,
			);
			path = Shared;
			sourceTree = "<group>";
		};
		8E6B600D26ECFC1A00DFF30B /* Products */ = {
			isa = PBXGroup;
			children = (
				8E6B600C26ECFC1A00DFF30B /* BottomSheet.app */,
				8E6B601426ECFC1A00DFF30B /* BottomSheet.app */,
			);
			name = Products;
			sourceTree = "<group>";
		};
		8E6B600E26ECFC1A00DFF30B /* iOS */ = {
			isa = PBXGroup;
			children = (
				8E6B600F26ECFC1A00DFF30B /* Info.plist */,
			);
			path = iOS;
			sourceTree = "<group>";
		};
		8E6B601526ECFC1A00DFF30B /* macOS */ = {
			isa = PBXGroup;
			children = (
				8E6B601626ECFC1A00DFF30B /* Info.plist */,
				8E6B601726ECFC1A00DFF30B /* macOS.entitlements */,
			);
			path = macOS;
			sourceTree = "<group>";
		};
/* End PBXGroup section */

/* Begin PBXNativeTarget section */
		8E6B600B26ECFC1A00DFF30B /* BottomSheet (iOS) */ = {
			isa = PBXNativeTarget;
			buildConfigurationList = 8E6B602026ECFC1A00DFF30B /* Build configuration list for PBXNativeTarget "BottomSheet (iOS)" */;
			buildPhases = (
				8E6B600826ECFC1A00DFF30B /* Sources */,
				8E6B600926ECFC1A00DFF30B /* Frameworks */,
				8E6B600A26ECFC1A00DFF30B /* Resources */,
			);
			buildRules = (
			);
			dependencies = (
			);
			name = "BottomSheet (iOS)";
			productName = "BottomSheet (iOS)";
			productReference = 8E6B600C26ECFC1A00DFF30B /* BottomSheet.app */;
			productType = "com.apple.product-type.application";
		};
		8E6B601326ECFC1A00DFF30B /* BottomSheet (macOS) */ = {
			isa = PBXNativeTarget;
			buildConfigurationList = 8E6B602326ECFC1A00DFF30B /* Build configuration list for PBXNativeTarget "BottomSheet (macOS)" */;
			buildPhases = (
				8E6B601026ECFC1A00DFF30B /* Sources */,
				8E6B601126ECFC1A00DFF30B /* Frameworks */,
				8E6B601226ECFC1A00DFF30B /* Resources */,
			);
			buildRules = (
			);
			dependencies = (
			);
			name = "BottomSheet (macOS)";
			productName = "BottomSheet (macOS)";
			productReference = 8E6B601426ECFC1A00DFF30B /* BottomSheet.app */;
			productType = "com.apple.product-type.application";
		};
/* End PBXNativeTarget section */

/* Begin PBXProject section */
		8E6B600026ECFC1900DFF30B /* Project object */ = {
			isa = PBXProject;
			attributes = {
				LastSwiftUpdateCheck = 1250;
				LastUpgradeCheck = 1250;
				TargetAttributes = {
					8E6B600B26ECFC1A00DFF30B = {
						CreatedOnToolsVersion = 12.5.1;
					};
					8E6B601326ECFC1A00DFF30B = {
						CreatedOnToolsVersion = 12.5.1;
					};
				};
			};
			buildConfigurationList = 8E6B600326ECFC1900DFF30B /* Build configuration list for PBXProject "BottomSheet" */;
			compatibilityVersion = "Xcode 9.3";
			developmentRegion = en;
			hasScannedForEncodings = 0;
			knownRegions = (
				en,
				Base,
			);
			mainGroup = 8E6B5FFF26ECFC1800DFF30B;
			productRefGroup = 8E6B600D26ECFC1A00DFF30B /* Products */;
			projectDirPath = "";
			projectRoot = "";
			targets = (
				8E6B600B26ECFC1A00DFF30B /* BottomSheet (iOS) */,
				8E6B601326ECFC1A00DFF30B /* BottomSheet (macOS) */,
			);
		};
/* End PBXProject section */

/* Begin PBXResourcesBuildPhase section */
		8E6B600A26ECFC1A00DFF30B /* Resources */ = {
			isa = PBXResourcesBuildPhase;
			buildActionMask = 2147483647;
			files = (
				8E6B601C26ECFC1A00DFF30B /* Assets.xcassets in Resources */,
			);
			runOnlyForDeploymentPostprocessing = 0;
		};
		8E6B601226ECFC1A00DFF30B /* Resources */ = {
			isa = PBXResourcesBuildPhase;
			buildActionMask = 2147483647;
			files = (
				8E6B601D26ECFC1A00DFF30B /* Assets.xcassets in Resources */,
			);
			runOnlyForDeploymentPostprocessing = 0;
		};
/* End PBXResourcesBuildPhase section */

/* Begin PBXSourcesBuildPhase section */
		8E6B600826ECFC1A00DFF30B /* Sources */ = {
			isa = PBXSourcesBuildPhase;
			buildActionMask = 2147483647;
			files = (
				8E6B601A26ECFC1A00DFF30B /* ContentView.swift in Sources */,
				8E6B602A26ECFF1200DFF30B /* RealBottomSheetView.swift in Sources */,
				8E6B601826ECFC1A00DFF30B /* BottomSheetApp.swift in Sources */,
				8E6B602726ECFC9E00DFF30B /* BottomSheetView.swift in Sources */,
				8E6B602D26ED006600DFF30B /* ContentBottomSheetView.swift in Sources */,
			);
			runOnlyForDeploymentPostprocessing = 0;
		};
		8E6B601026ECFC1A00DFF30B /* Sources */ = {
			isa = PBXSourcesBuildPhase;
			buildActionMask = 2147483647;
			files = (
				8E6B601B26ECFC1A00DFF30B /* ContentView.swift in Sources */,
				8E6B602B26ECFF1200DFF30B /* RealBottomSheetView.swift in Sources */,
				8E6B601926ECFC1A00DFF30B /* BottomSheetApp.swift in Sources */,
				8E6B602826ECFC9E00DFF30B /* BottomSheetView.swift in Sources */,
				8E6B602E26ED006600DFF30B /* ContentBottomSheetView.swift in Sources */,
			);
			runOnlyForDeploymentPostprocessing = 0;
		};
/* End PBXSourcesBuildPhase section */

/* Begin XCBuildConfiguration section */
		8E6B601E26ECFC1A00DFF30B /* Debug */ = {
			isa = XCBuildConfiguration;
			buildSettings = {
				ALWAYS_SEARCH_USER_PATHS = NO;
				CLANG_ANALYZER_NONNULL = YES;
				CLANG_ANALYZER_NUMBER_OBJECT_CONVERSION = YES_AGGRESSIVE;
				CLANG_CXX_LANGUAGE_STANDARD = "gnu++14";
				CLANG_CXX_LIBRARY = "libc++";
				CLANG_ENABLE_MODULES = YES;
				CLANG_ENABLE_OBJC_ARC = YES;
				CLANG_ENABLE_OBJC_WEAK = YES;
				CLANG_WARN_BLOCK_CAPTURE_AUTORELEASING = YES;
				CLANG_WARN_BOOL_CONVERSION = YES;
				CLANG_WARN_COMMA = YES;
				CLANG_WARN_CONSTANT_CONVERSION = YES;
				CLANG_WARN_DEPRECATED_OBJC_IMPLEMENTATIONS = YES;
				CLANG_WARN_DIRECT_OBJC_ISA_USAGE = YES_ERROR;
				CLANG_WARN_DOCUMENTATION_COMMENTS = YES;
				CLANG_WARN_EMPTY_BODY = YES;
				CLANG_WARN_ENUM_CONVERSION = YES;
				CLANG_WARN_INFINITE_RECURSION = YES;
				CLANG_WARN_INT_CONVERSION = YES;
				CLANG_WARN_NON_LITERAL_NULL_CONVERSION = YES;
				CLANG_WARN_OBJC_IMPLICIT_RETAIN_SELF = YES;
				CLANG_WARN_OBJC_LITERAL_CONVERSION = YES;
				CLANG_WARN_OBJC_ROOT_CLASS = YES_ERROR;
				CLANG_WARN_QUOTED_INCLUDE_IN_FRAMEWORK_HEADER = YES;
				CLANG_WARN_RANGE_LOOP_ANALYSIS = YES;
				CLANG_WARN_STRICT_PROTOTYPES = YES;
				CLANG_WARN_SUSPICIOUS_MOVE = YES;
				CLANG_WARN_UNGUARDED_AVAILABILITY = YES_AGGRESSIVE;
				CLANG_WARN_UNREACHABLE_CODE = YES;
				CLANG_WARN__DUPLICATE_METHOD_MATCH = YES;
				COPY_PHASE_STRIP = NO;
				DEBUG_INFORMATION_FORMAT = dwarf;
				ENABLE_STRICT_OBJC_MSGSEND = YES;
				ENABLE_TESTABILITY = YES;
				GCC_C_LANGUAGE_STANDARD = gnu11;
				GCC_DYNAMIC_NO_PIC = NO;
				GCC_NO_COMMON_BLOCKS = YES;
				GCC_OPTIMIZATION_LEVEL = 0;
				GCC_PREPROCESSOR_DEFINITIONS = (
					"DEBUG=1",
					"$(inherited)",
				);
				GCC_WARN_64_TO_32_BIT_CONVERSION = YES;
				GCC_WARN_ABOUT_RETURN_TYPE = YES_ERROR;
				GCC_WARN_UNDECLARED_SELECTOR = YES;
				GCC_WARN_UNINITIALIZED_AUTOS = YES_AGGRESSIVE;
				GCC_WARN_UNUSED_FUNCTION = YES;
				GCC_WARN_UNUSED_VARIABLE = YES;
				MTL_ENABLE_DEBUG_INFO = INCLUDE_SOURCE;
				MTL_FAST_MATH = YES;
				ONLY_ACTIVE_ARCH = YES;
				SWIFT_ACTIVE_COMPILATION_CONDITIONS = DEBUG;
				SWIFT_OPTIMIZATION_LEVEL = "-Onone";
			};
			name = Debug;
		};
		8E6B601F26ECFC1A00DFF30B /* Release */ = {
			isa = XCBuildConfiguration;
			buildSettings = {
				ALWAYS_SEARCH_USER_PATHS = NO;
				CLANG_ANALYZER_NONNULL = YES;
				CLANG_ANALYZER_NUMBER_OBJECT_CONVERSION = YES_AGGRESSIVE;
				CLANG_CXX_LANGUAGE_STANDARD = "gnu++14";
				CLANG_CXX_LIBRARY = "libc++";
				CLANG_ENABLE_MODULES = YES;
				CLANG_ENABLE_OBJC_ARC = YES;
				CLANG_ENABLE_OBJC_WEAK = YES;
				CLANG_WARN_BLOCK_CAPTURE_AUTORELEASING = YES;
				CLANG_WARN_BOOL_CONVERSION = YES;
				CLANG_WARN_COMMA = YES;
				CLANG_WARN_CONSTANT_CONVERSION = YES;
				CLANG_WARN_DEPRECATED_OBJC_IMPLEMENTATIONS = YES;
				CLANG_WARN_DIRECT_OBJC_ISA_USAGE = YES_ERROR;
				CLANG_WARN_DOCUMENTATION_COMMENTS = YES;
				CLANG_WARN_EMPTY_BODY = YES;
				CLANG_WARN_ENUM_CONVERSION = YES;
				CLANG_WARN_INFINITE_RECURSION = YES;
				CLANG_WARN_INT_CONVERSION = YES;
				CLANG_WARN_NON_LITERAL_NULL_CONVERSION = YES;
				CLANG_WARN_OBJC_IMPLICIT_RETAIN_SELF = YES;
				CLANG_WARN_OBJC_LITERAL_CONVERSION = YES;
				CLANG_WARN_OBJC_ROOT_CLASS = YES_ERROR;
				CLANG_WARN_QUOTED_INCLUDE_IN_FRAMEWORK_HEADER = YES;
				CLANG_WARN_RANGE_LOOP_ANALYSIS = YES;
				CLANG_WARN_STRICT_PROTOTYPES = YES;
				CLANG_WARN_SUSPICIOUS_MOVE = YES;
				CLANG_WARN_UNGUARDED_AVAILABILITY = YES_AGGRESSIVE;
				CLANG_WARN_UNREACHABLE_CODE = YES;
				CLANG_WARN__DUPLICATE_METHOD_MATCH = YES;
				COPY_PHASE_STRIP = NO;
				DEBUG_INFORMATION_FORMAT = "dwarf-with-dsym";
				ENABLE_NS_ASSERTIONS = NO;
				ENABLE_STRICT_OBJC_MSGSEND = YES;
				GCC_C_LANGUAGE_STANDARD = gnu11;
				GCC_NO_COMMON_BLOCKS = YES;
				GCC_WARN_64_TO_32_BIT_CONVERSION = YES;
				GCC_WARN_ABOUT_RETURN_TYPE = YES_ERROR;
				GCC_WARN_UNDECLARED_SELECTOR = YES;
				GCC_WARN_UNINITIALIZED_AUTOS = YES_AGGRESSIVE;
				GCC_WARN_UNUSED_FUNCTION = YES;
				GCC_WARN_UNUSED_VARIABLE = YES;
				MTL_ENABLE_DEBUG_INFO = NO;
				MTL_FAST_MATH = YES;
				SWIFT_COMPILATION_MODE = wholemodule;
				SWIFT_OPTIMIZATION_LEVEL = "-O";
			};
			name = Release;
		};
		8E6B602126ECFC1A00DFF30B /* Debug */ = {
			isa = XCBuildConfiguration;
			buildSettings = {
				ASSETCATALOG_COMPILER_APPICON_NAME = AppIcon;
				ASSETCATALOG_COMPILER_GLOBAL_ACCENT_COLOR_NAME = AccentColor;
				CODE_SIGN_STYLE = Automatic;
				DEVELOPMENT_TEAM = 7679YM76FM;
				ENABLE_PREVIEWS = YES;
				INFOPLIST_FILE = iOS/Info.plist;
				IPHONEOS_DEPLOYMENT_TARGET = 14.0;
				LD_RUNPATH_SEARCH_PATHS = (
					"$(inherited)",
					"@executable_path/Frameworks",
				);
				PRODUCT_BUNDLE_IDENTIFIER = dev.jorgemht.BottomSheet;
				PRODUCT_NAME = BottomSheet;
				SDKROOT = iphoneos;
				SWIFT_VERSION = 5.0;
				TARGETED_DEVICE_FAMILY = "1,2";
			};
			name = Debug;
		};
		8E6B602226ECFC1A00DFF30B /* Release */ = {
			isa = XCBuildConfiguration;
			buildSettings = {
				ASSETCATALOG_COMPILER_APPICON_NAME = AppIcon;
				ASSETCATALOG_COMPILER_GLOBAL_ACCENT_COLOR_NAME = AccentColor;
				CODE_SIGN_STYLE = Automatic;
				DEVELOPMENT_TEAM = 7679YM76FM;
				ENABLE_PREVIEWS = YES;
				INFOPLIST_FILE = iOS/Info.plist;
				IPHONEOS_DEPLOYMENT_TARGET = 14.0;
				LD_RUNPATH_SEARCH_PATHS = (
					"$(inherited)",
					"@executable_path/Frameworks",
				);
				PRODUCT_BUNDLE_IDENTIFIER = dev.jorgemht.BottomSheet;
				PRODUCT_NAME = BottomSheet;
				SDKROOT = iphoneos;
				SWIFT_VERSION = 5.0;
				TARGETED_DEVICE_FAMILY = "1,2";
				VALIDATE_PRODUCT = YES;
			};
			name = Release;
		};
		8E6B602426ECFC1A00DFF30B /* Debug */ = {
			isa = XCBuildConfiguration;
			buildSettings = {
				ASSETCATALOG_COMPILER_APPICON_NAME = AppIcon;
				ASSETCATALOG_COMPILER_GLOBAL_ACCENT_COLOR_NAME = AccentColor;
				CODE_SIGN_ENTITLEMENTS = macOS/macOS.entitlements;
				CODE_SIGN_STYLE = Automatic;
				COMBINE_HIDPI_IMAGES = YES;
				DEVELOPMENT_TEAM = 7679YM76FM;
				ENABLE_HARDENED_RUNTIME = YES;
				ENABLE_PREVIEWS = YES;
				INFOPLIST_FILE = macOS/Info.plist;
				LD_RUNPATH_SEARCH_PATHS = (
					"$(inherited)",
					"@executable_path/../Frameworks",
				);
				MACOSX_DEPLOYMENT_TARGET = 11.0;
				PRODUCT_BUNDLE_IDENTIFIER = dev.jorgemht.BottomSheet;
				PRODUCT_NAME = BottomSheet;
				SDKROOT = macosx;
				SWIFT_VERSION = 5.0;
			};
			name = Debug;
		};
		8E6B602526ECFC1A00DFF30B /* Release */ = {
			isa = XCBuildConfiguration;
			buildSettings = {
				ASSETCATALOG_COMPILER_APPICON_NAME = AppIcon;
				ASSETCATALOG_COMPILER_GLOBAL_ACCENT_COLOR_NAME = AccentColor;
				CODE_SIGN_ENTITLEMENTS = macOS/macOS.entitlements;
				CODE_SIGN_STYLE = Automatic;
				COMBINE_HIDPI_IMAGES = YES;
				DEVELOPMENT_TEAM = 7679YM76FM;
				ENABLE_HARDENED_RUNTIME = YES;
				ENABLE_PREVIEWS = YES;
				INFOPLIST_FILE = macOS/Info.plist;
				LD_RUNPATH_SEARCH_PATHS = (
					"$(inherited)",
					"@executable_path/../Frameworks",
				);
				MACOSX_DEPLOYMENT_TARGET = 11.0;
				PRODUCT_BUNDLE_IDENTIFIER = dev.jorgemht.BottomSheet;
				PRODUCT_NAME = BottomSheet;
				SDKROOT = macosx;
				SWIFT_VERSION = 5.0;
			};
			name = Release;
		};
/* End XCBuildConfiguration section */

/* Begin XCConfigurationList section */
		8E6B600326ECFC1900DFF30B /* Build configuration list for PBXProject "BottomSheet" */ = {
			isa = XCConfigurationList;
			buildConfigurations = (
				8E6B601E26ECFC1A00DFF30B /* Debug */,
				8E6B601F26ECFC1A00DFF30B /* Release */,
			);
			defaultConfigurationIsVisible = 0;
			defaultConfigurationName = Release;
		};
		8E6B602026ECFC1A00DFF30B /* Build configuration list for PBXNativeTarget "BottomSheet (iOS)" */ = {
			isa = XCConfigurationList;
			buildConfigurations = (
				8E6B602126ECFC1A00DFF30B /* Debug */,
				8E6B602226ECFC1A00DFF30B /* Release */,
			);
			defaultConfigurationIsVisible = 0;
			defaultConfigurationName = Release;
		};
		8E6B602326ECFC1A00DFF30B /* Build configuration list for PBXNativeTarget "BottomSheet (macOS)" */ = {
			isa = XCConfigurationList;
			buildConfigurations = (
				8E6B602426ECFC1A00DFF30B /* Debug */,
				8E6B602526ECFC1A00DFF30B /* Release */,
			);
			defaultConfigurationIsVisible = 0;
			defaultConfigurationName = Release;
		};
/* End XCConfigurationList section */
	};
	rootObject = 8E6B600026ECFC1900DFF30B /* Project object */;
}
